
Microsoft Visual Studio Solution File, Format Version 12.00
# Visual Studio Version 17
VisualStudioVersion = 17.10.34928.147
MinimumVisualStudioVersion = 10.0.40219.1
Project("{FAE04EC0-301F-11D3-BF4B-00C04F79EFBC}") = "WebApiListadoTalleres", "WebApiListadoTalleres\WebApiListadoTalleres.csproj", "{AC6D2497-857A-4D35-847F-CAA03B0C5264}"
EndProject
Global
	GlobalSection(SolutionConfigurationPlatforms) = preSolution
		Debug|Any CPU = Debug|Any CPU
		Release|Any CPU = Release|Any CPU
	EndGlobalSection
	GlobalSection(ProjectConfigurationPlatforms) = postSolution
		{AC6D2497-857A-4D35-847F-CAA03B0C5264}.Debug|Any CPU.ActiveCfg = Debug|Any CPU
		{AC6D2497-857A-4D35-847F-CAA03B0C5264}.Debug|Any CPU.Build.0 = Debug|Any CPU
		{AC6D2497-857A-4D35-847F-CAA03B0C5264}.Release|Any CPU.ActiveCfg = Release|Any CPU
		{AC6D2497-857A-4D35-847F-CAA03B0C5264}.Release|Any CPU.Build.0 = Release|Any CPU
	EndGlobalSection
	GlobalSection(SolutionProperties) = preSolution
		HideSolutionNode = FALSE
	EndGlobalSection
	GlobalSection(ExtensibilityGlobals) = postSolution
		SolutionGuid = {E1058C40-99ED-4477-B94C-EDD95820FAC5}
	EndGlobalSection
EndGlobal
